// !$*UTF8*$!
{
	archiveVersion = 1;
	classes = {
	};
	objectVersion = 56;
	objects = {

/* Begin PBXBuildFile section */
		04C463B1293F844300F90589 /* AppDelegate.swift in Sources */ = {isa = PBXBuildFile; fileRef = 04C463B0293F844300F90589 /* AppDelegate.swift */; };
		04C463B3293F844300F90589 /* SceneDelegate.swift in Sources */ = {isa = PBXBuildFile; fileRef = 04C463B2293F844300F90589 /* SceneDelegate.swift */; };
		04C463B5293F844300F90589 /* HomeViewController.swift in Sources */ = {isa = PBXBuildFile; fileRef = 04C463B4293F844300F90589 /* HomeViewController.swift */; };
		04C463BA293F844500F90589 /* Assets.xcassets in Resources */ = {isa = PBXBuildFile; fileRef = 04C463B9293F844500F90589 /* Assets.xcassets */; };
		04C463BD293F844500F90589 /* LaunchScreen.storyboard in Resources */ = {isa = PBXBuildFile; fileRef = 04C463BB293F844500F90589 /* LaunchScreen.storyboard */; };
		04C463C6293F86B100F90589 /* Size.swift in Sources */ = {isa = PBXBuildFile; fileRef = 04C463C5293F86B100F90589 /* Size.swift */; };
		04C463C9293F876600F90589 /* ViewExtensions.swift in Sources */ = {isa = PBXBuildFile; fileRef = 04C463C8293F876600F90589 /* ViewExtensions.swift */; };
		04C463CB293F8A3B00F90589 /* HomePresenter.swift in Sources */ = {isa = PBXBuildFile; fileRef = 04C463CA293F8A3B00F90589 /* HomePresenter.swift */; };
		04C463CF293F96DD00F90589 /* DeadHomePresenter.swift in Sources */ = {isa = PBXBuildFile; fileRef = 04C463CE293F96DD00F90589 /* DeadHomePresenter.swift */; };
		04C463D1293F97C000F90589 /* DisneyWordPresenter.swift in Sources */ = {isa = PBXBuildFile; fileRef = 04C463D0293F97C000F90589 /* DisneyWordPresenter.swift */; };
		04C463D3293F9AAA00F90589 /* UglyHomeViewController.swift in Sources */ = {isa = PBXBuildFile; fileRef = 04C463D2293F9AAA00F90589 /* UglyHomeViewController.swift */; };
/* End PBXBuildFile section */

/* Begin PBXFileReference section */
		04C463AD293F844300F90589 /* InversionOfControlExample.app */ = {isa = PBXFileReference; explicitFileType = wrapper.application; includeInIndex = 0; path = InversionOfControlExample.app; sourceTree = BUILT_PRODUCTS_DIR; };
		04C463B0293F844300F90589 /* AppDelegate.swift */ = {isa = PBXFileReference; lastKnownFileType = sourcecode.swift; path = AppDelegate.swift; sourceTree = "<group>"; };
		04C463B2293F844300F90589 /* SceneDelegate.swift */ = {isa = PBXFileReference; lastKnownFileType = sourcecode.swift; path = SceneDelegate.swift; sourceTree = "<group>"; };
		04C463B4293F844300F90589 /* HomeViewController.swift */ = {isa = PBXFileReference; lastKnownFileType = sourcecode.swift; path = HomeViewController.swift; sourceTree = "<group>"; };
		04C463B9293F844500F90589 /* Assets.xcassets */ = {isa = PBXFileReference; lastKnownFileType = folder.assetcatalog; path = Assets.xcassets; sourceTree = "<group>"; };
		04C463BC293F844500F90589 /* Base */ = {isa = PBXFileReference; lastKnownFileType = file.storyboard; name = Base; path = Base.lproj/LaunchScreen.storyboard; sourceTree = "<group>"; };
		04C463BE293F844500F90589 /* Info.plist */ = {isa = PBXFileReference; lastKnownFileType = text.plist.xml; path = Info.plist; sourceTree = "<group>"; };
		04C463C5293F86B100F90589 /* Size.swift */ = {isa = PBXFileReference; lastKnownFileType = sourcecode.swift; path = Size.swift; sourceTree = "<group>"; };
		04C463C8293F876600F90589 /* ViewExtensions.swift */ = {isa = PBXFileReference; lastKnownFileType = sourcecode.swift; path = ViewExtensions.swift; sourceTree = "<group>"; };
		04C463CA293F8A3B00F90589 /* HomePresenter.swift */ = {isa = PBXFileReference; lastKnownFileType = sourcecode.swift; path = HomePresenter.swift; sourceTree = "<group>"; };
		04C463CE293F96DD00F90589 /* DeadHomePresenter.swift */ = {isa = PBXFileReference; lastKnownFileType = sourcecode.swift; path = DeadHomePresenter.swift; sourceTree = "<group>"; };
		04C463D0293F97C000F90589 /* DisneyWordPresenter.swift */ = {isa = PBXFileReference; lastKnownFileType = sourcecode.swift; path = DisneyWordPresenter.swift; sourceTree = "<group>"; };
		04C463D2293F9AAA00F90589 /* UglyHomeViewController.swift */ = {isa = PBXFileReference; lastKnownFileType = sourcecode.swift; path = UglyHomeViewController.swift; sourceTree = "<group>"; };
/* End PBXFileReference section */

/* Begin PBXFrameworksBuildPhase section */
		04C463AA293F844300F90589 /* Frameworks */ = {
			isa = PBXFrameworksBuildPhase;
			buildActionMask = 2147483647;
			files = (
			);
			runOnlyForDeploymentPostprocessing = 0;
		};
/* End PBXFrameworksBuildPhase section */

/* Begin PBXGroup section */
		04C463A4293F844300F90589 = {
			isa = PBXGroup;
			children = (
				04C463AF293F844300F90589 /* InversionOfControlExample */,
				04C463AE293F844300F90589 /* Products */,
			);
			sourceTree = "<group>";
		};
		04C463AE293F844300F90589 /* Products */ = {
			isa = PBXGroup;
			children = (
				04C463AD293F844300F90589 /* InversionOfControlExample.app */,
			);
			name = Products;
			sourceTree = "<group>";
		};
		04C463AF293F844300F90589 /* InversionOfControlExample */ = {
			isa = PBXGroup;
			children = (
				04C463CD293F96AA00F90589 /* ViewControllers */,
				04C463CC293F969100F90589 /* Presenters */,
				04C463C7293F875300F90589 /* Extensions */,
				04C463C4293F869D00F90589 /* Resources */,
				04C463B0293F844300F90589 /* AppDelegate.swift */,
				04C463B2293F844300F90589 /* SceneDelegate.swift */,
				04C463B9293F844500F90589 /* Assets.xcassets */,
				04C463BB293F844500F90589 /* LaunchScreen.storyboard */,
				04C463BE293F844500F90589 /* Info.plist */,
			);
			path = InversionOfControlExample;
			sourceTree = "<group>";
		};
		04C463C4293F869D00F90589 /* Resources */ = {
			isa = PBXGroup;
			children = (
				04C463C5293F86B100F90589 /* Size.swift */,
			);
			path = Resources;
			sourceTree = "<group>";
		};
		04C463C7293F875300F90589 /* Extensions */ = {
			isa = PBXGroup;
			children = (
				04C463C8293F876600F90589 /* ViewExtensions.swift */,
			);
			path = Extensions;
			sourceTree = "<group>";
		};
		04C463CC293F969100F90589 /* Presenters */ = {
			isa = PBXGroup;
			children = (
				04C463CA293F8A3B00F90589 /* HomePresenter.swift */,
				04C463D0293F97C000F90589 /* DisneyWordPresenter.swift */,
				04C463CE293F96DD00F90589 /* DeadHomePresenter.swift */,
			);
			path = Presenters;
			sourceTree = "<group>";
		};
		04C463CD293F96AA00F90589 /* ViewControllers */ = {
			isa = PBXGroup;
			children = (
				04C463B4293F844300F90589 /* HomeViewController.swift */,
				04C463D2293F9AAA00F90589 /* UglyHomeViewController.swift */,
			);
			path = ViewControllers;
			sourceTree = "<group>";
		};
/* End PBXGroup section */

/* Begin PBXNativeTarget section */
		04C463AC293F844300F90589 /* InversionOfControlExample */ = {
			isa = PBXNativeTarget;
			buildConfigurationList = 04C463C1293F844500F90589 /* Build configuration list for PBXNativeTarget "InversionOfControlExample" */;
			buildPhases = (
				04C463A9293F844300F90589 /* Sources */,
				04C463AA293F844300F90589 /* Frameworks */,
				04C463AB293F844300F90589 /* Resources */,
			);
			buildRules = (
			);
			dependencies = (
			);
			name = InversionOfControlExample;
			productName = InversionOfControlExample;
			productReference = 04C463AD293F844300F90589 /* InversionOfControlExample.app */;
			productType = "com.apple.product-type.application";
		};
/* End PBXNativeTarget section */

/* Begin PBXProject section */
		04C463A5293F844300F90589 /* Project object */ = {
			isa = PBXProject;
			attributes = {
				BuildIndependentTargetsInParallel = 1;
				LastSwiftUpdateCheck = 1410;
				LastUpgradeCheck = 1410;
				TargetAttributes = {
					04C463AC293F844300F90589 = {
						CreatedOnToolsVersion = 14.1;
					};
				};
			};
			buildConfigurationList = 04C463A8293F844300F90589 /* Build configuration list for PBXProject "InversionOfControlExample" */;
			compatibilityVersion = "Xcode 14.0";
			developmentRegion = en;
			hasScannedForEncodings = 0;
			knownRegions = (
				en,
				Base,
			);
			mainGroup = 04C463A4293F844300F90589;
			productRefGroup = 04C463AE293F844300F90589 /* Products */;
			projectDirPath = "";
			projectRoot = "";
			targets = (
				04C463AC293F844300F90589 /* InversionOfControlExample */,
			);
		};
/* End PBXProject section */

/* Begin PBXResourcesBuildPhase section */
		04C463AB293F844300F90589 /* Resources */ = {
			isa = PBXResourcesBuildPhase;
			buildActionMask = 2147483647;
			files = (
				04C463BD293F844500F90589 /* LaunchScreen.storyboard in Resources */,
				04C463BA293F844500F90589 /* Assets.xcassets in Resources */,
			);
			runOnlyForDeploymentPostprocessing = 0;
		};
/* End PBXResourcesBuildPhase section */

/* Begin PBXSourcesBuildPhase section */
		04C463A9293F844300F90589 /* Sources */ = {
			isa = PBXSourcesBuildPhase;
			buildActionMask = 2147483647;
			files = (
				04C463C6293F86B100F90589 /* Size.swift in Sources */,
				04C463D3293F9AAA00F90589 /* UglyHomeViewController.swift in Sources */,
				04C463B5293F844300F90589 /* HomeViewController.swift in Sources */,
				04C463B1293F844300F90589 /* AppDelegate.swift in Sources */,
				04C463CB293F8A3B00F90589 /* HomePresenter.swift in Sources */,
				04C463D1293F97C000F90589 /* DisneyWordPresenter.swift in Sources */,
				04C463C9293F876600F90589 /* ViewExtensions.swift in Sources */,
				04C463B3293F844300F90589 /* SceneDelegate.swift in Sources */,
				04C463CF293F96DD00F90589 /* DeadHomePresenter.swift in Sources */,
			);
			runOnlyForDeploymentPostprocessing = 0;
		};
/* End PBXSourcesBuildPhase section */

/* Begin PBXVariantGroup section */
		04C463BB293F844500F90589 /* LaunchScreen.storyboard */ = {
			isa = PBXVariantGroup;
			children = (
				04C463BC293F844500F90589 /* Base */,
			);
			name = LaunchScreen.storyboard;
			sourceTree = "<group>";
		};
/* End PBXVariantGroup section */

/* Begin XCBuildConfiguration section */
		04C463BF293F844500F90589 /* Debug */ = {
			isa = XCBuildConfiguration;
			buildSettings = {
				ALWAYS_SEARCH_USER_PATHS = NO;
				CLANG_ANALYZER_NONNULL = YES;
				CLANG_ANALYZER_NUMBER_OBJECT_CONVERSION = YES_AGGRESSIVE;
				CLANG_CXX_LANGUAGE_STANDARD = "gnu++20";
				CLANG_ENABLE_MODULES = YES;
				CLANG_ENABLE_OBJC_ARC = YES;
				CLANG_ENABLE_OBJC_WEAK = YES;
				CLANG_WARN_BLOCK_CAPTURE_AUTORELEASING = YES;
				CLANG_WARN_BOOL_CONVERSION = YES;
				CLANG_WARN_COMMA = YES;
				CLANG_WARN_CONSTANT_CONVERSION = YES;
				CLANG_WARN_DEPRECATED_OBJC_IMPLEMENTATIONS = YES;
				CLANG_WARN_DIRECT_OBJC_ISA_USAGE = YES_ERROR;
				CLANG_WARN_DOCUMENTATION_COMMENTS = YES;
				CLANG_WARN_EMPTY_BODY = YES;
				CLANG_WARN_ENUM_CONVERSION = YES;
				CLANG_WARN_INFINITE_RECURSION = YES;
				CLANG_WARN_INT_CONVERSION = YES;
				CLANG_WARN_NON_LITERAL_NULL_CONVERSION = YES;
				CLANG_WARN_OBJC_IMPLICIT_RETAIN_SELF = YES;
				CLANG_WARN_OBJC_LITERAL_CONVERSION = YES;
				CLANG_WARN_OBJC_ROOT_CLASS = YES_ERROR;
				CLANG_WARN_QUOTED_INCLUDE_IN_FRAMEWORK_HEADER = YES;
				CLANG_WARN_RANGE_LOOP_ANALYSIS = YES;
				CLANG_WARN_STRICT_PROTOTYPES = YES;
				CLANG_WARN_SUSPICIOUS_MOVE = YES;
				CLANG_WARN_UNGUARDED_AVAILABILITY = YES_AGGRESSIVE;
				CLANG_WARN_UNREACHABLE_CODE = YES;
				CLANG_WARN__DUPLICATE_METHOD_MATCH = YES;
				COPY_PHASE_STRIP = NO;
				DEBUG_INFORMATION_FORMAT = dwarf;
				ENABLE_STRICT_OBJC_MSGSEND = YES;
				ENABLE_TESTABILITY = YES;
				GCC_C_LANGUAGE_STANDARD = gnu11;
				GCC_DYNAMIC_NO_PIC = NO;
				GCC_NO_COMMON_BLOCKS = YES;
				GCC_OPTIMIZATION_LEVEL = 0;
				GCC_PREPROCESSOR_DEFINITIONS = (
					"DEBUG=1",
					"$(inherited)",
				);
				GCC_WARN_64_TO_32_BIT_CONVERSION = YES;
				GCC_WARN_ABOUT_RETURN_TYPE = YES_ERROR;
				GCC_WARN_UNDECLARED_SELECTOR = YES;
				GCC_WARN_UNINITIALIZED_AUTOS = YES_AGGRESSIVE;
				GCC_WARN_UNUSED_FUNCTION = YES;
				GCC_WARN_UNUSED_VARIABLE = YES;
				IPHONEOS_DEPLOYMENT_TARGET = 16.1;
				MTL_ENABLE_DEBUG_INFO = INCLUDE_SOURCE;
				MTL_FAST_MATH = YES;
				ONLY_ACTIVE_ARCH = YES;
				SDKROOT = iphoneos;
				SWIFT_ACTIVE_COMPILATION_CONDITIONS = DEBUG;
				SWIFT_OPTIMIZATION_LEVEL = "-Onone";
			};
			name = Debug;
		};
		04C463C0293F844500F90589 /* Release */ = {
			isa = XCBuildConfiguration;
			buildSettings = {
				ALWAYS_SEARCH_USER_PATHS = NO;
				CLANG_ANALYZER_NONNULL = YES;
				CLANG_ANALYZER_NUMBER_OBJECT_CONVERSION = YES_AGGRESSIVE;
				CLANG_CXX_LANGUAGE_STANDARD = "gnu++20";
				CLANG_ENABLE_MODULES = YES;
				CLANG_ENABLE_OBJC_ARC = YES;
				CLANG_ENABLE_OBJC_WEAK = YES;
				CLANG_WARN_BLOCK_CAPTURE_AUTORELEASING = YES;
				CLANG_WARN_BOOL_CONVERSION = YES;
				CLANG_WARN_COMMA = YES;
				CLANG_WARN_CONSTANT_CONVERSION = YES;
				CLANG_WARN_DEPRECATED_OBJC_IMPLEMENTATIONS = YES;
				CLANG_WARN_DIRECT_OBJC_ISA_USAGE = YES_ERROR;
				CLANG_WARN_DOCUMENTATION_COMMENTS = YES;
				CLANG_WARN_EMPTY_BODY = YES;
				CLANG_WARN_ENUM_CONVERSION = YES;
				CLANG_WARN_INFINITE_RECURSION = YES;
				CLANG_WARN_INT_CONVERSION = YES;
				CLANG_WARN_NON_LITERAL_NULL_CONVERSION = YES;
				CLANG_WARN_OBJC_IMPLICIT_RETAIN_SELF = YES;
				CLANG_WARN_OBJC_LITERAL_CONVERSION = YES;
				CLANG_WARN_OBJC_ROOT_CLASS = YES_ERROR;
				CLANG_WARN_QUOTED_INCLUDE_IN_FRAMEWORK_HEADER = YES;
				CLANG_WARN_RANGE_LOOP_ANALYSIS = YES;
				CLANG_WARN_STRICT_PROTOTYPES = YES;
				CLANG_WARN_SUSPICIOUS_MOVE = YES;
				CLANG_WARN_UNGUARDED_AVAILABILITY = YES_AGGRESSIVE;
				CLANG_WARN_UNREACHABLE_CODE = YES;
				CLANG_WARN__DUPLICATE_METHOD_MATCH = YES;
				COPY_PHASE_STRIP = NO;
				DEBUG_INFORMATION_FORMAT = "dwarf-with-dsym";
				ENABLE_NS_ASSERTIONS = NO;
				ENABLE_STRICT_OBJC_MSGSEND = YES;
				GCC_C_LANGUAGE_STANDARD = gnu11;
				GCC_NO_COMMON_BLOCKS = YES;
				GCC_WARN_64_TO_32_BIT_CONVERSION = YES;
				GCC_WARN_ABOUT_RETURN_TYPE = YES_ERROR;
				GCC_WARN_UNDECLARED_SELECTOR = YES;
				GCC_WARN_UNINITIALIZED_AUTOS = YES_AGGRESSIVE;
				GCC_WARN_UNUSED_FUNCTION = YES;
				GCC_WARN_UNUSED_VARIABLE = YES;
				IPHONEOS_DEPLOYMENT_TARGET = 16.1;
				MTL_ENABLE_DEBUG_INFO = NO;
				MTL_FAST_MATH = YES;
				SDKROOT = iphoneos;
				SWIFT_COMPILATION_MODE = wholemodule;
				SWIFT_OPTIMIZATION_LEVEL = "-O";
				VALIDATE_PRODUCT = YES;
			};
			name = Release;
		};
		04C463C2293F844500F90589 /* Debug */ = {
			isa = XCBuildConfiguration;
			buildSettings = {
				ASSETCATALOG_COMPILER_APPICON_NAME = AppIcon;
				ASSETCATALOG_COMPILER_GLOBAL_ACCENT_COLOR_NAME = AccentColor;
				CODE_SIGN_STYLE = Automatic;
				CURRENT_PROJECT_VERSION = 1;
				GENERATE_INFOPLIST_FILE = YES;
				INFOPLIST_FILE = InversionOfControlExample/Info.plist;
				INFOPLIST_KEY_UIApplicationSupportsIndirectInputEvents = YES;
				INFOPLIST_KEY_UILaunchStoryboardName = LaunchScreen;
				INFOPLIST_KEY_UISupportedInterfaceOrientations_iPad = "UIInterfaceOrientationPortrait UIInterfaceOrientationPortraitUpsideDown UIInterfaceOrientationLandscapeLeft UIInterfaceOrientationLandscapeRight";
				INFOPLIST_KEY_UISupportedInterfaceOrientations_iPhone = "UIInterfaceOrientationPortrait UIInterfaceOrientationLandscapeLeft UIInterfaceOrientationLandscapeRight";
				LD_RUNPATH_SEARCH_PATHS = (
					"$(inherited)",
					"@executable_path/Frameworks",
				);
				MARKETING_VERSION = 1.0;
				PRODUCT_BUNDLE_IDENTIFIER = rominkgo.InversionOfControlExample;
				PRODUCT_NAME = "$(TARGET_NAME)";
				SWIFT_EMIT_LOC_STRINGS = YES;
				SWIFT_VERSION = 5.0;
				TARGETED_DEVICE_FAMILY = "1,2";
			};
			name = Debug;
		};
		04C463C3293F844500F90589 /* Release */ = {
			isa = XCBuildConfiguration;
			buildSettings = {
				ASSETCATALOG_COMPILER_APPICON_NAME = AppIcon;
				ASSETCATALOG_COMPILER_GLOBAL_ACCENT_COLOR_NAME = AccentColor;
				CODE_SIGN_STYLE = Automatic;
				CURRENT_PROJECT_VERSION = 1;
				GENERATE_INFOPLIST_FILE = YES;
				INFOPLIST_FILE = InversionOfControlExample/Info.plist;
				INFOPLIST_KEY_UIApplicationSupportsIndirectInputEvents = YES;
				INFOPLIST_KEY_UILaunchStoryboardName = LaunchScreen;
				INFOPLIST_KEY_UISupportedInterfaceOrientations_iPad = "UIInterfaceOrientationPortrait UIInterfaceOrientationPortraitUpsideDown UIInterfaceOrientationLandscapeLeft UIInterfaceOrientationLandscapeRight";
				INFOPLIST_KEY_UISupportedInterfaceOrientations_iPhone = "UIInterfaceOrientationPortrait UIInterfaceOrientationLandscapeLeft UIInterfaceOrientationLandscapeRight";
				LD_RUNPATH_SEARCH_PATHS = (
					"$(inherited)",
					"@executable_path/Frameworks",
				);
				MARKETING_VERSION = 1.0;
				PRODUCT_BUNDLE_IDENTIFIER = rominkgo.InversionOfControlExample;
				PRODUCT_NAME = "$(TARGET_NAME)";
				SWIFT_EMIT_LOC_STRINGS = YES;
				SWIFT_VERSION = 5.0;
				TARGETED_DEVICE_FAMILY = "1,2";
			};
			name = Release;
		};
/* End XCBuildConfiguration section */

/* Begin XCConfigurationList section */
		04C463A8293F844300F90589 /* Build configuration list for PBXProject "InversionOfControlExample" */ = {
			isa = XCConfigurationList;
			buildConfigurations = (
				04C463BF293F844500F90589 /* Debug */,
				04C463C0293F844500F90589 /* Release */,
			);
			defaultConfigurationIsVisible = 0;
			defaultConfigurationName = Release;
		};
		04C463C1293F844500F90589 /* Build configuration list for PBXNativeTarget "InversionOfControlExample" */ = {
			isa = XCConfigurationList;
			buildConfigurations = (
				04C463C2293F844500F90589 /* Debug */,
				04C463C3293F844500F90589 /* Release */,
			);
			defaultConfigurationIsVisible = 0;
			defaultConfigurationName = Release;
		};
/* End XCConfigurationList section */
	};
	rootObject = 04C463A5293F844300F90589 /* Project object */;
}
